{
  "name": "provasito3.0",
  "lockfileVersion": 2,
  "requires": true,
  "packages": {
    "": {
      "dependencies": {
        "wavesurfer.js": "^6.4.0"
      }
    },
    "node_modules/wavesurfer.js": {
      "version": "6.4.0",
      "resolved": "https://registry.npmjs.org/wavesurfer.js/-/wavesurfer.js-6.4.0.tgz",
      "integrity": "sha512-+i9GkYdMTm998goOWvycWqCgxfbolnuGTPgrdGss7ZbQDuu+n6AHdnJwYnqxW8RZo5A2ck6ztzXbrXGuCi0m5g=="
    }
  },
  "dependencies": {
    "wavesurfer.js": {
      "version": "6.4.0",
      "resolved": "https://registry.npmjs.org/wavesurfer.js/-/wavesurfer.js-6.4.0.tgz",
      "integrity": "sha512-+i9GkYdMTm998goOWvycWqCgxfbolnuGTPgrdGss7ZbQDuu+n6AHdnJwYnqxW8RZo5A2ck6ztzXbrXGuCi0m5g=="
    }
  }
}
